version: 7
platforms:
- name: win-64
  virtual-packages:
  - __win=10.0
  - __archspec=0=x86_64
environments:
  default:
    channels:
    - url: https://conda.anaconda.org/conda-forge/
    packages:
      win-64:
      - conda: https://conda.anaconda.org/conda-forge/noarch/annotated-types-0.8.0-pyhd8ed1ab_0.conda
      - conda: https://conda.anaconda.org/conda-forge/noarch/attrs-26.1.0-pyhcf101f3_0.conda
      - conda: https://conda.anaconda.org/conda-forge/noarch/ca-certificates-2026.7.22-h4c7d964_0.conda
      - conda: https://conda.anaconda.org/conda-forge/noarch/colorama-0.4.6-pyhd8ed1ab_1.conda
      - conda: https://conda.anaconda.org/conda-forge/noarch/exceptiongroup-1.3.1-pyhd8ed1ab_0.conda
      - conda: https://conda.anaconda.org/conda-forge/noarch/iniconfig-2.3.0-pyhd8ed1ab_0.conda
      - conda: https://conda.anaconda.org/conda-forge/noarch/jsonschema-4.26.0-pyhcf101f3_0.conda
      - conda: https://conda.anaconda.org/conda-forge/noarch/jsonschema-specifications-2025.9.1-pyhcf101f3_0.conda
      - conda: https://conda.anaconda.org/conda-forge/noarch/packaging-26.3-pyhc364b38_0.conda
      - conda: https://conda.anaconda.org/conda-forge/noarch/pluggy-1.6.0-pyhf9edf01_1.conda
      - conda: https://conda.anaconda.org/conda-forge/noarch/pydantic-2.13.4-pyhcf101f3_0.conda
      - conda: https://conda.anaconda.org/conda-forge/noarch/pygments-2.20.0-pyhd8ed1ab_0.conda
      - conda: https://conda.anaconda.org/conda-forge/noarch/pytest-8.4.2-pyhcf101f3_1.conda
      - conda: https://conda.anaconda.org/conda-forge/noarch/python_abi-3.11-8_cp311.conda
      - conda: https://conda.anaconda.org/conda-forge/noarch/referencing-0.37.0-pyhcf101f3_0.conda
      - conda: https://conda.anaconda.org/conda-forge/noarch/tomli-2.4.1-pyhcf101f3_0.conda
      - conda: https://conda.anaconda.org/conda-forge/noarch/typing-extensions-4.16.0-h69aa097_0.conda
      - conda: https://conda.anaconda.org/conda-forge/noarch/typing-inspection-0.4.3-pyhcf101f3_0.conda
      - conda: https://conda.anaconda.org/conda-forge/noarch/typing_extensions-4.16.0-pyhcf101f3_0.conda
      - conda: https://conda.anaconda.org/conda-forge/noarch/tzdata-2026c-h151e31d_0.conda
      - conda: https://conda.anaconda.org/conda-forge/win-64/bzip2-1.0.8-h0ad9c76_10.conda
      - conda: https://conda.anaconda.org/conda-forge/win-64/libexpat-2.8.1-hac47afa_1.conda
      - conda: https://conda.anaconda.org/conda-forge/win-64/libffi-3.5.2-h3d046cb_0.conda
      - conda: https://conda.anaconda.org/conda-forge/win-64/liblzma-5.8.3-hfd05255_1.conda
      - conda: https://conda.anaconda.org/conda-forge/win-64/libsqlite-3.53.4-hf5d6505_0.conda
      - conda: https://conda.anaconda.org/conda-forge/win-64/libzlib-1.3.2-hfd05255_3.conda
      - conda: https://conda.anaconda.org/conda-forge/win-64/openssl-3.6.3-hf411b9b_1.conda
      - conda: https://conda.anaconda.org/conda-forge/win-64/pydantic-core-2.46.4-py311hf51aa87_0.conda
      - conda: https://conda.anaconda.org/conda-forge/win-64/python-3.11.15-h0159041_1_cpython.conda
      - conda: https://conda.anaconda.org/conda-forge/win-64/pyyaml-6.0.3-py311h3f79411_1.conda
      - conda: https://conda.anaconda.org/conda-forge/win-64/rpds-py-2026.6.3-py311h7337c20_0.conda
      - conda: https://conda.anaconda.org/conda-forge/win-64/tk-8.6.13-h967ab96_3.conda
      - conda: https://conda.anaconda.org/conda-forge/win-64/ucrt-10.0.26100.0-h57928b3_0.conda
      - conda: https://conda.anaconda.org/conda-forge/win-64/vc-14.5-ha367084_41.conda
      - conda: https://conda.anaconda.org/conda-forge/win-64/vc14_runtime-14.51.36247-habf1de7_41.conda
      - conda: https://conda.anaconda.org/conda-forge/win-64/vcomp14-14.51.36247-habf1de7_41.conda
      - conda: https://conda.anaconda.org/conda-forge/win-64/yaml-0.2.5-h6a83c73_3.conda
packages:
- conda: https://conda.anaconda.org/conda-forge/noarch/annotated-types-0.8.0-pyhd8ed1ab_0.conda
  sha256: b8fcb994134d3918d1c64a9d62f4168ff85d5bfb89e698102fe4ed679fe0df24
  md5: 108c928d2a8551832dbc762b535e90bb
  depends:
  - python >=3.10
  - typing-extensions >=4.0.0
  license: MIT
  license_family: MIT
  run_exports: {}
  size: 19461
  timestamp: 1784935220549
- conda: https://conda.anaconda.org/conda-forge/noarch/attrs-26.1.0-pyhcf101f3_0.conda
  sha256: 1b6124230bb4e571b1b9401537ecff575b7b109cc3a21ee019f65e083b8399ab
  md5: c6b0543676ecb1fb2d7643941fe375f2
  depends:
  - python >=3.10
  - python
  license: MIT
  license_family: MIT
  run_exports: {}
  size: 64927
  timestamp: 1773935801332
- conda: https://conda.anaconda.org/conda-forge/noarch/ca-certificates-2026.7.22-h4c7d964_0.conda
  sha256: 95e8e74062a5fe5f870ac8c90302b6e89945165fdaed7810606e84ddee6aac12
  md5: e27d2ac27b096dc51fedfcf775a53f9b
  depends:
  - __win
  license: ISC
  run_exports: {}
  size: 132136
  timestamp: 1784754918886
- conda: https://conda.anaconda.org/conda-forge/noarch/colorama-0.4.6-pyhd8ed1ab_1.conda
  sha256: ab29d57dc70786c1269633ba3dff20288b81664d3ff8d21af995742e2bb03287
  md5: 962b9857ee8e7018c22f2776ffa0b2d7
  depends:
  - python >=3.9
  license: BSD-3-Clause
  license_family: BSD
  run_exports: {}
  size: 27011
  timestamp: 1733218222191
- conda: https://conda.anaconda.org/conda-forge/noarch/exceptiongroup-1.3.1-pyhd8ed1ab_0.conda
  sha256: ee6cf346d017d954255bbcbdb424cddea4d14e4ed7e9813e429db1d795d01144
  md5: 8e662bd460bda79b1ea39194e3c4c9ab
  depends:
  - python >=3.10
  - typing_extensions >=4.6.0
  license: MIT and PSF-2.0
  run_exports: {}
  size: 21333
  timestamp: 1763918099466
- conda: https://conda.anaconda.org/conda-forge/noarch/iniconfig-2.3.0-pyhd8ed1ab_0.conda
  sha256: e1a9e3b1c8fe62dc3932a616c284b5d8cbe3124bbfbedcf4ce5c828cb166ee19
  md5: 9614359868482abba1bd15ce465e3c42
  depends:
  - python >=3.10
  license: MIT
  license_family: MIT
  run_exports: {}
  size: 13387
  timestamp: 1760831448842
- conda: https://conda.anaconda.org/conda-forge/noarch/jsonschema-4.26.0-pyhcf101f3_0.conda
  sha256: db973a37d75db8e19b5f44bbbdaead0c68dde745407f281e2a7fe4db74ec51d7
  md5: ada41c863af263cc4c5fcbaff7c3e4dc
  depends:
  - attrs >=22.2.0
  - jsonschema-specifications >=2023.3.6
  - python >=3.10
  - referencing >=0.28.4
  - rpds-py >=0.25.0
  - python
  license: MIT
  license_family: MIT
  run_exports: {}
  size: 82356
  timestamp: 1767839954256
- conda: https://conda.anaconda.org/conda-forge/noarch/jsonschema-specifications-2025.9.1-pyhcf101f3_0.conda
  sha256: 0a4f3b132f0faca10c89fdf3b60e15abb62ded6fa80aebfc007d05965192aa04
  md5: 439cd0f567d697b20a8f45cb70a1005a
  depends:
  - python >=3.10
  - referencing >=0.31.0
  - python
  license: MIT
  license_family: MIT
  run_exports: {}
  size: 19236
  timestamp: 1757335715225
- conda: https://conda.anaconda.org/conda-forge/noarch/packaging-26.3-pyhc364b38_0.conda
  sha256: c432626b16768b8dab228bfb706f7060c2d462a21c516d240f68f2f902b5a044
  md5: 936687ed80f295a1f5dbcf8bd34c252c
  depends:
  - python >=3.9
  - python
  license: Apache-2.0
  license_family: APACHE
  run_exports: {}
  size: 116363
  timestamp: 1785888127370
- conda: https://conda.anaconda.org/conda-forge/noarch/pluggy-1.6.0-pyhf9edf01_1.conda
  sha256: e14aafa63efa0528ca99ba568eaf506eb55a0371d12e6250aaaa61718d2eb62e
  md5: d7585b6550ad04c8c5e21097ada2888e
  depends:
  - python >=3.9
  - python
  license: MIT
  license_family: MIT
  run_exports: {}
  size: 25877
  timestamp: 1764896838868
- conda: https://conda.anaconda.org/conda-forge/noarch/pydantic-2.13.4-pyhcf101f3_0.conda
  sha256: 69700e31165df070e9716315e042196aa92525dae5deb5107785847ab9f4189f
  md5: 729843edafc0899b3348bd3f19525b9d
  depends:
  - typing-inspection >=0.4.2
  - typing_extensions >=4.14.1
  - python >=3.10
  - annotated-types >=0.6.0
  - pydantic-core ==2.46.4
  - python
  license: MIT
  license_family: MIT
  run_exports: {}
  size: 346511
  timestamp: 1778103405862
- conda: https://conda.anaconda.org/conda-forge/noarch/pygments-2.20.0-pyhd8ed1ab_0.conda
  sha256: cf70b2f5ad9ae472b71235e5c8a736c9316df3705746de419b59d442e8348e86
  md5: 16c18772b340887160c79a6acc022db0
  depends:
  - python >=3.10
  license: BSD-2-Clause
  license_family: BSD
  run_exports: {}
  size: 893031
  timestamp: 1774796815820
- conda: https://conda.anaconda.org/conda-forge/noarch/pytest-8.4.2-pyhcf101f3_1.conda
  sha256: 39f41a52eb6f927caf5cd42a2ff98a09bb850ce9758b432869374b6253826962
  md5: da0c42269086f5170e2b296878ec13a6
  depends:
  - pygments >=2.7.2
  - python >=3.10
  - iniconfig >=1
  - packaging >=20
  - pluggy >=1.5,<2
  - tomli >=1
  - colorama >=0.4
  - exceptiongroup >=1
  - python
  constrains:
  - pytest-faulthandler >=2
  license: MIT
  license_family: MIT
  run_exports: {}
  size: 294852
  timestamp: 1762354779909
- conda: https://conda.anaconda.org/conda-forge/noarch/python_abi-3.11-8_cp311.conda
  build_number: 8
  sha256: fddf123692aa4b1fc48f0471e346400d9852d96eeed77dbfdd746fa50a8ff894
  md5: 8fcb6b0e2161850556231336dae58358
  constrains:
  - python 3.11.* *_cpython
  license: BSD-3-Clause
  license_family: BSD
  run_exports: {}
  size: 7003
  timestamp: 1752805919375
- conda: https://conda.anaconda.org/conda-forge/noarch/referencing-0.37.0-pyhcf101f3_0.conda
  sha256: 0577eedfb347ff94d0f2fa6c052c502989b028216996b45c7f21236f25864414
  md5: 870293df500ca7e18bedefa5838a22ab
  depends:
  - attrs >=22.2.0
  - python >=3.10
  - rpds-py >=0.7.0
  - typing_extensions >=4.4.0
  - python
  license: MIT
  license_family: MIT
  run_exports: {}
  size: 51788
  timestamp: 1760379115194
- conda: https://conda.anaconda.org/conda-forge/noarch/tomli-2.4.1-pyhcf101f3_0.conda
  sha256: 91cafdb64268e43e0e10d30bd1bef5af392e69f00edd34dfaf909f69ab2da6bd
  md5: b5325cf06a000c5b14970462ff5e4d58
  depends:
  - python >=3.10
  - python
  license: MIT
  license_family: MIT
  run_exports: {}
  size: 21561
  timestamp: 1774492402955
- conda: https://conda.anaconda.org/conda-forge/noarch/typing-extensions-4.16.0-h69aa097_0.conda
  sha256: b141933ece3518f6d7b75dfb59451e2f26b405a44c18e2518a83e9a02e09315c
  md5: c680b5747e8c4c8f23dca0bb7042a8fc
  depends:
  - typing_extensions ==4.16.0 pyhcf101f3_0
  license: PSF-2.0
  license_family: PSF
  run_exports: {}
  size: 94080
  timestamp: 1783002732887
- conda: https://conda.anaconda.org/conda-forge/noarch/typing-inspection-0.4.3-pyhcf101f3_0.conda
  sha256: f9d821cb64f2bd33cff02d4969d6b8f8f299b6209abae946ac8aa92927dc217a
  md5: 4934c9f5695514b925be8a5503bcd171
  depends:
  - python >=3.10
  - typing_extensions >=4.15.0
  - python
  license: MIT
  run_exports: {}
  size: 20940
  timestamp: 1786372593154
- conda: https://conda.anaconda.org/conda-forge/noarch/typing_extensions-4.16.0-pyhcf101f3_0.conda
  sha256: 2d888f90af0686044882c74193ec80a90ec1943145d94a7b1b048958acda1848
  md5: c70ad746c22219b9700931707482992c
  depends:
  - python >=3.10
  - python
  license: PSF-2.0
  license_family: PSF
  run_exports: {}
  size: 52631
  timestamp: 1783002732887
- conda: https://conda.anaconda.org/conda-forge/noarch/tzdata-2026c-h151e31d_0.conda
  sha256: b928c30ddcb0e3f544c6eade8352737e6e610e263276b90232db6a578ef899d8
  md5: fcb489df604d100968b737f2cb6076c6
  license: LicenseRef-Public-Domain
  run_exports: {}
  size: 118849
  timestamp: 1784250406640
- conda: https://conda.anaconda.org/conda-forge/win-64/bzip2-1.0.8-h0ad9c76_10.conda
  sha256: 04767466ee9227c9c57ab2c6503e0149177d34111c7418d2f420297acb1eb229
  md5: c3301c058362f340100d91cd8be0393f
  depends:
  - ucrt >=10.0.20348.0
  - vc >=14.3,<15
  - vc14_runtime >=14.44.35208
  license: bzip2-1.0.6
  license_family: BSD
  run_exports:
    weak:
    - bzip2 >=1.0.8,<2.0a0
  size: 55919
  timestamp: 1785906343696
- conda: https://conda.anaconda.org/conda-forge/win-64/libexpat-2.8.1-hac47afa_1.conda
  sha256: 1a54d874addda73b6f7164d5f3905821277a1831bcc05edd74b3085391688571
  md5: ccc490c81ffe14181861beac0e8f3169
  depends:
  - ucrt >=10.0.20348.0
  - vc >=14.3,<15
  - vc14_runtime >=14.44.35208
  constrains:
  - expat 2.8.1.*
  license: MIT
  license_family: MIT
  run_exports: {}
  size: 71631
  timestamp: 1781203724164
- conda: https://conda.anaconda.org/conda-forge/win-64/libffi-3.5.2-h3d046cb_0.conda
  sha256: 59d01f2dfa8b77491b5888a5ab88ff4e1574c9359f7e229da254cdfe27ddc190
  md5: 720b39f5ec0610457b725eb3f396219a
  depends:
  - ucrt >=10.0.20348.0
  - vc >=14.3,<15
  - vc14_runtime >=14.44.35208
  license: MIT
  license_family: MIT
  run_exports:
    weak:
    - libffi >=3.5.2,<3.6.0a0
  size: 45831
  timestamp: 1769456418774
- conda: https://conda.anaconda.org/conda-forge/win-64/liblzma-5.8.3-hfd05255_1.conda
  sha256: d36c4a1e1f80fd08e18a407e03622ff2f34dfdd022da6488ad19603dea19e6d5
  md5: 880a0c8549479b198af21ba5dc49b109
  depends:
  - ucrt >=10.0.20348.0
  - vc >=14.3,<15
  - vc14_runtime >=14.44.35208
  constrains:
  - xz 5.8.3.*
  license: 0BSD
  run_exports:
    weak:
    - liblzma >=5.8.3,<6.0a0
  size: 105809
  timestamp: 1786348717883
- conda: https://conda.anaconda.org/conda-forge/win-64/libsqlite-3.53.4-hf5d6505_0.conda
  sha256: 62e1c45ec71ab2e5deeeb0e47e7df6a609991e91d46348f16df50c68fee145c8
  md5: ca0d59f40a02a15e9b5d0ff8db0f85e3
  depends:
  - ucrt >=10.0.20348.0
  - vc >=14.3,<15
  - vc14_runtime >=14.44.35208
  license: blessing
  run_exports:
    weak:
    - libsqlite >=3.53.4,<4.0a0
  size: 1313790
  timestamp: 1785016158097
- conda: https://conda.anaconda.org/conda-forge/win-64/libzlib-1.3.2-hfd05255_3.conda
  sha256: 0629c2cc0404d3bb29d6baa7b4ba62da80797015e86de050db81ea5a07050527
  md5: 5d2ff29d465097458cc3ff6569151991
  depends:
  - ucrt >=10.0.20348.0
  - vc >=14.3,<15
  - vc14_runtime >=14.44.35208
  constrains:
  - zlib 1.3.2 *_3
  license: Zlib
  license_family: Other
  run_exports:
    weak:
    - libzlib >=1.3.2,<2.0a0
  size: 58529
  timestamp: 1785276664143
- conda: https://conda.anaconda.org/conda-forge/win-64/openssl-3.6.3-hf411b9b_1.conda
  sha256: 2ebff5a1b5793e82495bf33c91fba040e11ff23333c2385ac66d0c3aee2cc14c
  md5: a978392692a910ba1c8920ccb1e784b3
  depends:
  - ca-certificates
  - ucrt >=10.0.20348.0
  - vc >=14.3,<15
  - vc14_runtime >=14.44.35208
  license: Apache-2.0
  license_family: Apache
  run_exports:
    weak:
    - openssl >=3.6.3,<4.0a0
  size: 9427535
  timestamp: 1785915614585
- conda: https://conda.anaconda.org/conda-forge/win-64/pydantic-core-2.46.4-py311hf51aa87_0.conda
  sha256: 4cf860418a6a1a678bcc23bc29a83f4f0916682fd6ab1ff209b4e5ee3dc5e15f
  md5: 85efdb748cbec9210e718c4a8860749c
  depends:
  - python
  - typing-extensions >=4.6.0,!=4.7.0
  - vc >=14.3,<15
  - vc14_runtime >=14.44.35208
  - ucrt >=10.0.20348.0
  - python_abi 3.11.* *_cp311
  license: MIT
  license_family: MIT
  run_exports: {}
  size: 1898998
  timestamp: 1778084255268
- conda: https://conda.anaconda.org/conda-forge/win-64/python-3.11.15-h0159041_1_cpython.conda
  build_number: 1
  sha256: 32716d8df907696e856cbd4cdcc5fe89ddae01c7c9a8cc99bd42260bf6d9a4a2
  md5: 06b84fcf19e4d5101a1d105d15dcfc88
  depends:
  - bzip2 >=1.0.8,<2.0a0
  - libexpat >=2.8.1,<3.0a0
  - libffi >=3.5.2,<3.6.0a0
  - liblzma >=5.8.3,<6.0a0
  - libsqlite >=3.53.2,<4.0a0
  - libzlib >=1.3.2,<2.0a0
  - openssl >=3.5.7,<4.0a0
  - tk >=8.6.13,<8.7.0a0
  - tzdata
  - ucrt >=10.0.20348.0
  - vc >=14.3,<15
  - vc14_runtime >=14.44.35208
  constrains:
  - python_abi 3.11.* *_cp311
  license: Python-2.0
  run_exports:
    weak:
    - python_abi 3.11.* *_cp311
    noarch:
    - python
  size: 18439395
  timestamp: 1781148714198
- conda: https://conda.anaconda.org/conda-forge/win-64/pyyaml-6.0.3-py311h3f79411_1.conda
  sha256: 301c3ba100d25cd5ae37895988ee3ab986210d4d972aa58efed948fbe857773d
  md5: a0153c033dc55203e11d1cac8f6a9cf2
  depends:
  - python >=3.11,<3.12.0a0
  - python_abi 3.11.* *_cp311
  - ucrt >=10.0.20348.0
  - vc >=14.3,<15
  - vc14_runtime >=14.44.35208
  - yaml >=0.2.5,<0.3.0a0
  license: MIT
  license_family: MIT
  run_exports: {}
  size: 187108
  timestamp: 1770223467913
- conda: https://conda.anaconda.org/conda-forge/win-64/rpds-py-2026.6.3-py311h7337c20_0.conda
  sha256: 3d3642bd56d248c6cdcd31831fc0cafaa5a9a3376e2d760d781f930ab0caa81e
  md5: 1ae11d687fc860a2cd3b68e9c50c8dcc
  depends:
  - python
  - vc >=14.3,<15
  - vc14_runtime >=14.44.35208
  - ucrt >=10.0.20348.0
  - python_abi 3.11.* *_cp311
  license: MIT
  license_family: MIT
  run_exports: {}
  size: 222540
  timestamp: 1782831456252
- conda: https://conda.anaconda.org/conda-forge/win-64/tk-8.6.13-h967ab96_3.conda
  sha256: 13fa29257d43f8e630a1e591ed77fae9bbbb236b011432f01e2034cf36e6bf03
  md5: aaf79e2af50a151fb5b5a3e3f38b7a69
  depends:
  - vc >=14.3,<15
  - vc14_runtime >=14.44.35208
  - ucrt >=10.0.20348.0
  license: TCL
  run_exports:
    weak:
    - tk >=8.6.13,<8.7.0a0
  size: 3782314
  timestamp: 1784229072899
- conda: https://conda.anaconda.org/conda-forge/win-64/ucrt-10.0.26100.0-h57928b3_0.conda
  sha256: 3005729dce6f3d3f5ec91dfc49fc75a0095f9cd23bab49efb899657297ac91a5
  md5: 71b24316859acd00bdb8b38f5e2ce328
  constrains:
  - vc14_runtime >=14.29.30037
  - vs2015_runtime >=14.29.30037
  license: LicenseRef-MicrosoftWindowsSDK10
  run_exports: {}
  size: 694692
  timestamp: 1756385147981
- conda: https://conda.anaconda.org/conda-forge/win-64/vc-14.5-ha367084_41.conda
  sha256: 35444c55a92e2f7f7ba26bc70f81e56e52344f7d064c0fd4b40a46a58517b79c
  md5: aa805b5522c2a98fa286e551a1f48546
  depends:
  - vc14_runtime >=14.51.36247
  track_features:
  - vc14
  license: BSD-3-Clause
  license_family: BSD
  run_exports: {}
  size: 21383
  timestamp: 1785359368566
- conda: https://conda.anaconda.org/conda-forge/win-64/vc14_runtime-14.51.36247-habf1de7_41.conda
  sha256: 4e4cb599cdc41bf2109d1464c127b5bcbddf548ce3e322e612afb691338b48f8
  md5: ac5333bb3d429361f23adf704cc49a78
  depends:
  - ucrt >=10.0.20348.0
  - vcomp14 14.51.36247 habf1de7_41
  constrains:
  - vs2015_runtime 14.51.36247.* *_41
  license: LicenseRef-MicrosoftVisualCpp2015-2022Runtime
  license_family: Proprietary
  run_exports: {}
  size: 767955
  timestamp: 1785359364369
- conda: https://conda.anaconda.org/conda-forge/win-64/vcomp14-14.51.36247-habf1de7_41.conda
  sha256: 731e043390c9457299484d39e427221fc868a9249540a498a5a4f6456c7744d1
  md5: 350bb67a5c8e5f1c53347ac544ab6600
  depends:
  - ucrt >=10.0.20348.0
  constrains:
  - vs2015_runtime 14.51.36247.* *_41
  license: LicenseRef-MicrosoftVisualCpp2015-2022Runtime
  license_family: Proprietary
  run_exports:
    strong:
    - vcomp14 >=14.51.36247
  size: 155910
  timestamp: 1785359349999
- conda: https://conda.anaconda.org/conda-forge/win-64/yaml-0.2.5-h6a83c73_3.conda
  sha256: 80ee68c1e7683a35295232ea79bcc87279d31ffeda04a1665efdb43cbd50a309
  md5: 433699cba6602098ae8957a323da2664
  depends:
  - vc >=14.3,<15
  - vc14_runtime >=14.44.35208
  - ucrt >=10.0.20348.0
  - vc >=14.3,<15
  - vc14_runtime >=14.44.35208
  - ucrt >=10.0.20348.0
  license: MIT
  license_family: MIT
  run_exports:
    weak:
    - yaml >=0.2.5,<0.3.0a0
  size: 63944
  timestamp: 1753484092156
